
Microsoft Visual Studio Solution File, Format Version 12.00
Project("{FAE04EC0-301F-11D3-BF4B-00C04F79EFBC}") = "Kvetinarstvi", "Kvetinarstvi.csproj", "{AE851FA3-6D63-46D6-AF23-D0B288288420}"
EndProject
Global
	GlobalSection(SolutionConfigurationPlatforms) = preSolution
		Debug|Any CPU = Debug|Any CPU
		Release|Any CPU = Release|Any CPU
	EndGlobalSection
	GlobalSection(ProjectConfigurationPlatforms) = postSolution
		{AE851FA3-6D63-46D6-AF23-D0B288288420}.Debug|Any CPU.ActiveCfg = Debug|Any CPU
		{AE851FA3-6D63-46D6-AF23-D0B288288420}.Debug|Any CPU.Build.0 = Debug|Any CPU
		{AE851FA3-6D63-46D6-AF23-D0B288288420}.Release|Any CPU.ActiveCfg = Release|Any CPU
		{AE851FA3-6D63-46D6-AF23-D0B288288420}.Release|Any CPU.Build.0 = Release|Any CPU
	EndGlobalSection
EndGlobal
